
Microsoft Visual Studio Solution File, Format Version 12.00
# Visual Studio Version 17
VisualStudioVersion = 17.10.35013.160
MinimumVisualStudioVersion = 10.0.40219.1
Project("{FAE04EC0-301F-11D3-BF4B-00C04F79EFBC}") = "EmbeddedSend", "EmbeddedSend\EmbeddedSend.csproj", "{3D0EF605-AEF2-4D1C-92D0-C66A50F579B1}"
EndProject
Global
	GlobalSection(SolutionConfigurationPlatforms) = preSolution
		Debug|Any CPU = Debug|Any CPU
		Release|Any CPU = Release|Any CPU
	EndGlobalSection
	GlobalSection(ProjectConfigurationPlatforms) = postSolution
		{3D0EF605-AEF2-4D1C-92D0-C66A50F579B1}.Debug|Any CPU.ActiveCfg = Debug|Any CPU
		{3D0EF605-AEF2-4D1C-92D0-C66A50F579B1}.Debug|Any CPU.Build.0 = Debug|Any CPU
		{3D0EF605-AEF2-4D1C-92D0-C66A50F579B1}.Release|Any CPU.ActiveCfg = Release|Any CPU
		{3D0EF605-AEF2-4D1C-92D0-C66A50F579B1}.Release|Any CPU.Build.0 = Release|Any CPU
	EndGlobalSection
	GlobalSection(SolutionProperties) = preSolution
		HideSolutionNode = FALSE
	EndGlobalSection
	GlobalSection(ExtensibilityGlobals) = postSolution
		SolutionGuid = {C60369D9-AEB1-4AA8-B110-C68D0A1906EF}
	EndGlobalSection
EndGlobal
